
Microsoft Visual Studio Solution File, Format Version 12.00
# Visual Studio 15
VisualStudioVersion = 15.0.28307.329
MinimumVisualStudioVersion = 10.0.40219.1
Project("{FAE04EC0-301F-11D3-BF4B-00C04F79EFBC}") = "Battleships AI", "Battleships AI\Battleships AI.csproj", "{861F7584-CEEF-4E0E-878A-AFC1813590F1}"
EndProject
Global
	GlobalSection(SolutionConfigurationPlatforms) = preSolution
		Debug|Any CPU = Debug|Any CPU
		Release|Any CPU = Release|Any CPU
	EndGlobalSection
	GlobalSection(ProjectConfigurationPlatforms) = postSolution
		{861F7584-CEEF-4E0E-878A-AFC1813590F1}.Debug|Any CPU.ActiveCfg = Debug|Any CPU
		{861F7584-CEEF-4E0E-878A-AFC1813590F1}.Debug|Any CPU.Build.0 = Debug|Any CPU
		{861F7584-CEEF-4E0E-878A-AFC1813590F1}.Release|Any CPU.ActiveCfg = Release|Any CPU
		{861F7584-CEEF-4E0E-878A-AFC1813590F1}.Release|Any CPU.Build.0 = Release|Any CPU
	EndGlobalSection
	GlobalSection(SolutionProperties) = preSolution
		HideSolutionNode = FALSE
	EndGlobalSection
	GlobalSection(ExtensibilityGlobals) = postSolution
		SolutionGuid = {98DD8B47-6F96-4B37-8333-A100E03A2364}
	EndGlobalSection
EndGlobal
