
Microsoft Visual Studio Solution File, Format Version 12.00
# Visual Studio 15
VisualStudioVersion = 15.0.28307.421
MinimumVisualStudioVersion = 10.0.40219.1
Project("{FAE04EC0-301F-11D3-BF4B-00C04F79EFBC}") = "AiBattle", "AiBattle\AiBattle.csproj", "{91441C7E-57E8-4A39-9CD5-BDE5FA35C14F}"
EndProject
Global
	GlobalSection(SolutionConfigurationPlatforms) = preSolution
		Debug|Any CPU = Debug|Any CPU
		Release|Any CPU = Release|Any CPU
	EndGlobalSection
	GlobalSection(ProjectConfigurationPlatforms) = postSolution
		{91441C7E-57E8-4A39-9CD5-BDE5FA35C14F}.Debug|Any CPU.ActiveCfg = Debug|Any CPU
		{91441C7E-57E8-4A39-9CD5-BDE5FA35C14F}.Debug|Any CPU.Build.0 = Debug|Any CPU
		{91441C7E-57E8-4A39-9CD5-BDE5FA35C14F}.Release|Any CPU.ActiveCfg = Release|Any CPU
		{91441C7E-57E8-4A39-9CD5-BDE5FA35C14F}.Release|Any CPU.Build.0 = Release|Any CPU
	EndGlobalSection
	GlobalSection(SolutionProperties) = preSolution
		HideSolutionNode = FALSE
	EndGlobalSection
	GlobalSection(ExtensibilityGlobals) = postSolution
		SolutionGuid = {1D8FA77D-D873-4E1B-888D-22F9AFC9338E}
	EndGlobalSection
EndGlobal
